// !$*UTF8*$!
{
	archiveVersion = 1;
	classes = {
	};
	objectVersion = 46;
	objects = {

/* Begin PBXBuildFile section */
		392CB7BC1DD6294B00038323 /* PickerViewController.swift in Sources */ = {isa = PBXBuildFile; fileRef = 392CB7BB1DD6294B00038323 /* PickerViewController.swift */; };
		3993C3E01DD0A5280015ACB7 /* AppDelegate.swift in Sources */ = {isa = PBXBuildFile; fileRef = 3993C3DF1DD0A5280015ACB7 /* AppDelegate.swift */; };
		3993C3E21DD0A5280015ACB7 /* ViewController.swift in Sources */ = {isa = PBXBuildFile; fileRef = 3993C3E11DD0A5280015ACB7 /* ViewController.swift */; };
		3993C3E51DD0A5280015ACB7 /* Main.storyboard in Resources */ = {isa = PBXBuildFile; fileRef = 3993C3E31DD0A5280015ACB7 /* Main.storyboard */; };
		3993C3E71DD0A5280015ACB7 /* Assets.xcassets in Resources */ = {isa = PBXBuildFile; fileRef = 3993C3E61DD0A5280015ACB7 /* Assets.xcassets */; };
		3993C3EA1DD0A5280015ACB7 /* LaunchScreen.storyboard in Resources */ = {isa = PBXBuildFile; fileRef = 3993C3E81DD0A5280015ACB7 /* LaunchScreen.storyboard */; };
		3993C3F21DD0A5E30015ACB7 /* Story.swift in Sources */ = {isa = PBXBuildFile; fileRef = 3993C3F11DD0A5E30015ACB7 /* Story.swift */; };
		3993C3F41DD0A93C0015ACB7 /* SecondViewController.swift in Sources */ = {isa = PBXBuildFile; fileRef = 3993C3F31DD0A93C0015ACB7 /* SecondViewController.swift */; };
		3993C3F81DD0C8C90015ACB7 /* Extensions.swift in Sources */ = {isa = PBXBuildFile; fileRef = 3993C3F71DD0C8C90015ACB7 /* Extensions.swift */; };
		3993C3FA1DD1E3ED0015ACB7 /* ThirdViewController.swift in Sources */ = {isa = PBXBuildFile; fileRef = 3993C3F91DD1E3ED0015ACB7 /* ThirdViewController.swift */; };
		3993C3FC1DD220410015ACB7 /* stories.bundle in Resources */ = {isa = PBXBuildFile; fileRef = 3993C3FB1DD220410015ACB7 /* stories.bundle */; };
		39D414BF1DD4C58D003D82C6 /* TableViewCell.swift in Sources */ = {isa = PBXBuildFile; fileRef = 39D414BE1DD4C58D003D82C6 /* TableViewCell.swift */; };
/* End PBXBuildFile section */

/* Begin PBXFileReference section */
		392CB7BB1DD6294B00038323 /* PickerViewController.swift */ = {isa = PBXFileReference; fileEncoding = 4; lastKnownFileType = sourcecode.swift; path = PickerViewController.swift; sourceTree = "<group>"; };
		3993C3DC1DD0A5280015ACB7 /* 10272380-pset2.app */ = {isa = PBXFileReference; explicitFileType = wrapper.application; includeInIndex = 0; path = "10272380-pset2.app"; sourceTree = BUILT_PRODUCTS_DIR; };
		3993C3DF1DD0A5280015ACB7 /* AppDelegate.swift */ = {isa = PBXFileReference; lastKnownFileType = sourcecode.swift; path = AppDelegate.swift; sourceTree = "<group>"; };
		3993C3E11DD0A5280015ACB7 /* ViewController.swift */ = {isa = PBXFileReference; lastKnownFileType = sourcecode.swift; path = ViewController.swift; sourceTree = "<group>"; };
		3993C3E41DD0A5280015ACB7 /* Base */ = {isa = PBXFileReference; lastKnownFileType = file.storyboard; name = Base; path = Base.lproj/Main.storyboard; sourceTree = "<group>"; };
		3993C3E61DD0A5280015ACB7 /* Assets.xcassets */ = {isa = PBXFileReference; lastKnownFileType = folder.assetcatalog; path = Assets.xcassets; sourceTree = "<group>"; };
		3993C3E91DD0A5280015ACB7 /* Base */ = {isa = PBXFileReference; lastKnownFileType = file.storyboard; name = Base; path = Base.lproj/LaunchScreen.storyboard; sourceTree = "<group>"; };
		3993C3EB1DD0A5280015ACB7 /* Info.plist */ = {isa = PBXFileReference; lastKnownFileType = text.plist.xml; path = Info.plist; sourceTree = "<group>"; };
		3993C3F11DD0A5E30015ACB7 /* Story.swift */ = {isa = PBXFileReference; fileEncoding = 4; lastKnownFileType = sourcecode.swift; name = Story.swift; path = ../../madlibs_ios/Story.swift; sourceTree = "<group>"; };
		3993C3F31DD0A93C0015ACB7 /* SecondViewController.swift */ = {isa = PBXFileReference; explicitFileType = sourcecode.swift; fileEncoding = 4; path = SecondViewController.swift; sourceTree = "<group>"; };
		3993C3F71DD0C8C90015ACB7 /* Extensions.swift */ = {isa = PBXFileReference; fileEncoding = 4; lastKnownFileType = sourcecode.swift; path = Extensions.swift; sourceTree = "<group>"; };
		3993C3F91DD1E3ED0015ACB7 /* ThirdViewController.swift */ = {isa = PBXFileReference; fileEncoding = 4; lastKnownFileType = sourcecode.swift; path = ThirdViewController.swift; sourceTree = "<group>"; };
		3993C3FB1DD220410015ACB7 /* stories.bundle */ = {isa = PBXFileReference; lastKnownFileType = "wrapper.plug-in"; name = stories.bundle; path = "../../../../../../../../Desktop/Native App Studio/10272380-pset2/10272380-pset2/stories.bundle"; sourceTree = BUILT_PRODUCTS_DIR; };
		39D414BE1DD4C58D003D82C6 /* TableViewCell.swift */ = {isa = PBXFileReference; fileEncoding = 4; lastKnownFileType = sourcecode.swift; path = TableViewCell.swift; sourceTree = "<group>"; };
/* End PBXFileReference section */

/* Begin PBXFrameworksBuildPhase section */
		3993C3D91DD0A5280015ACB7 /* Frameworks */ = {
			isa = PBXFrameworksBuildPhase;
			buildActionMask = 2147483647;
			files = (
			);
			runOnlyForDeploymentPostprocessing = 0;
		};
/* End PBXFrameworksBuildPhase section */

/* Begin PBXGroup section */
		3993C3D31DD0A5280015ACB7 = {
			isa = PBXGroup;
			children = (
				3993C3DE1DD0A5280015ACB7 /* 10272380-pset2 */,
				3993C3DD1DD0A5280015ACB7 /* Products */,
			);
			sourceTree = "<group>";
		};
		3993C3DD1DD0A5280015ACB7 /* Products */ = {
			isa = PBXGroup;
			children = (
				3993C3DC1DD0A5280015ACB7 /* 10272380-pset2.app */,
			);
			name = Products;
			sourceTree = "<group>";
		};
		3993C3DE1DD0A5280015ACB7 /* 10272380-pset2 */ = {
			isa = PBXGroup;
			children = (
				3993C3DF1DD0A5280015ACB7 /* AppDelegate.swift */,
				3993C3F71DD0C8C90015ACB7 /* Extensions.swift */,
				392CB7BB1DD6294B00038323 /* PickerViewController.swift */,
				39D414BE1DD4C58D003D82C6 /* TableViewCell.swift */,
				3993C3E11DD0A5280015ACB7 /* ViewController.swift */,
				3993C3F31DD0A93C0015ACB7 /* SecondViewController.swift */,
				3993C3F91DD1E3ED0015ACB7 /* ThirdViewController.swift */,
				3993C3F11DD0A5E30015ACB7 /* Story.swift */,
				3993C3E31DD0A5280015ACB7 /* Main.storyboard */,
				3993C3FB1DD220410015ACB7 /* stories.bundle */,
				3993C3E61DD0A5280015ACB7 /* Assets.xcassets */,
				3993C3E81DD0A5280015ACB7 /* LaunchScreen.storyboard */,
				3993C3EB1DD0A5280015ACB7 /* Info.plist */,
			);
			path = "10272380-pset2";
			sourceTree = "<group>";
		};
/* End PBXGroup section */

/* Begin PBXNativeTarget section */
		3993C3DB1DD0A5280015ACB7 /* 10272380-pset2 */ = {
			isa = PBXNativeTarget;
			buildConfigurationList = 3993C3EE1DD0A5280015ACB7 /* Build configuration list for PBXNativeTarget "10272380-pset2" */;
			buildPhases = (
				3993C3D81DD0A5280015ACB7 /* Sources */,
				3993C3D91DD0A5280015ACB7 /* Frameworks */,
				3993C3DA1DD0A5280015ACB7 /* Resources */,
			);
			buildRules = (
			);
			dependencies = (
			);
			name = "10272380-pset2";
			productName = "10272380-pset2";
			productReference = 3993C3DC1DD0A5280015ACB7 /* 10272380-pset2.app */;
			productType = "com.apple.product-type.application";
		};
/* End PBXNativeTarget section */

/* Begin PBXProject section */
		3993C3D41DD0A5280015ACB7 /* Project object */ = {
			isa = PBXProject;
			attributes = {
				LastSwiftUpdateCheck = 0810;
				LastUpgradeCheck = 0810;
				ORGANIZATIONNAME = "Quinten van der Post";
				TargetAttributes = {
					3993C3DB1DD0A5280015ACB7 = {
						CreatedOnToolsVersion = 8.1;
						DevelopmentTeam = 9UM8KQFS44;
						ProvisioningStyle = Automatic;
					};
				};
			};
			buildConfigurationList = 3993C3D71DD0A5280015ACB7 /* Build configuration list for PBXProject "10272380-pset2" */;
			compatibilityVersion = "Xcode 3.2";
			developmentRegion = English;
			hasScannedForEncodings = 0;
			knownRegions = (
				en,
				Base,
			);
			mainGroup = 3993C3D31DD0A5280015ACB7;
			productRefGroup = 3993C3DD1DD0A5280015ACB7 /* Products */;
			projectDirPath = "";
			projectRoot = "";
			targets = (
				3993C3DB1DD0A5280015ACB7 /* 10272380-pset2 */,
			);
		};
/* End PBXProject section */

/* Begin PBXResourcesBuildPhase section */
		3993C3DA1DD0A5280015ACB7 /* Resources */ = {
			isa = PBXResourcesBuildPhase;
			buildActionMask = 2147483647;
			files = (
				3993C3FC1DD220410015ACB7 /* stories.bundle in Resources */,
				3993C3EA1DD0A5280015ACB7 /* LaunchScreen.storyboard in Resources */,
				3993C3E71DD0A5280015ACB7 /* Assets.xcassets in Resources */,
				3993C3E51DD0A5280015ACB7 /* Main.storyboard in Resources */,
			);
			runOnlyForDeploymentPostprocessing = 0;
		};
/* End PBXResourcesBuildPhase section */

/* Begin PBXSourcesBuildPhase section */
		3993C3D81DD0A5280015ACB7 /* Sources */ = {
			isa = PBXSourcesBuildPhase;
			buildActionMask = 2147483647;
			files = (
				3993C3FA1DD1E3ED0015ACB7 /* ThirdViewController.swift in Sources */,
				3993C3F41DD0A93C0015ACB7 /* SecondViewController.swift in Sources */,
				392CB7BC1DD6294B00038323 /* PickerViewController.swift in Sources */,
				3993C3E21DD0A5280015ACB7 /* ViewController.swift in Sources */,
				3993C3E01DD0A5280015ACB7 /* AppDelegate.swift in Sources */,
				3993C3F81DD0C8C90015ACB7 /* Extensions.swift in Sources */,
				39D414BF1DD4C58D003D82C6 /* TableViewCell.swift in Sources */,
				3993C3F21DD0A5E30015ACB7 /* Story.swift in Sources */,
			);
			runOnlyForDeploymentPostprocessing = 0;
		};
/* End PBXSourcesBuildPhase section */

/* Begin PBXVariantGroup section */
		3993C3E31DD0A5280015ACB7 /* Main.storyboard */ = {
			isa = PBXVariantGroup;
			children = (
				3993C3E41DD0A5280015ACB7 /* Base */,
			);
			name = Main.storyboard;
			sourceTree = "<group>";
		};
		3993C3E81DD0A5280015ACB7 /* LaunchScreen.storyboard */ = {
			isa = PBXVariantGroup;
			children = (
				3993C3E91DD0A5280015ACB7 /* Base */,
			);
			name = LaunchScreen.storyboard;
			sourceTree = "<group>";
		};
/* End PBXVariantGroup section */

/* Begin XCBuildConfiguration section */
		3993C3EC1DD0A5280015ACB7 /* Debug */ = {
			isa = XCBuildConfiguration;
			buildSettings = {
				ALWAYS_SEARCH_USER_PATHS = NO;
				CLANG_ANALYZER_NONNULL = YES;
				CLANG_CXX_LANGUAGE_STANDARD = "gnu++0x";
				CLANG_CXX_LIBRARY = "libc++";
				CLANG_ENABLE_MODULES = YES;
				CLANG_ENABLE_OBJC_ARC = YES;
				CLANG_WARN_BOOL_CONVERSION = YES;
				CLANG_WARN_CONSTANT_CONVERSION = YES;
				CLANG_WARN_DIRECT_OBJC_ISA_USAGE = YES_ERROR;
				CLANG_WARN_DOCUMENTATION_COMMENTS = YES;
				CLANG_WARN_EMPTY_BODY = YES;
				CLANG_WARN_ENUM_CONVERSION = YES;
				CLANG_WARN_INFINITE_RECURSION = YES;
				CLANG_WARN_INT_CONVERSION = YES;
				CLANG_WARN_OBJC_ROOT_CLASS = YES_ERROR;
				CLANG_WARN_SUSPICIOUS_MOVES = YES;
				CLANG_WARN_UNREACHABLE_CODE = YES;
				CLANG_WARN__DUPLICATE_METHOD_MATCH = YES;
				"CODE_SIGN_IDENTITY[sdk=iphoneos*]" = "iPhone Developer";
				COPY_PHASE_STRIP = NO;
				DEBUG_INFORMATION_FORMAT = dwarf;
				ENABLE_STRICT_OBJC_MSGSEND = YES;
				ENABLE_TESTABILITY = YES;
				GCC_C_LANGUAGE_STANDARD = gnu99;
				GCC_DYNAMIC_NO_PIC = NO;
				GCC_NO_COMMON_BLOCKS = YES;
				GCC_OPTIMIZATION_LEVEL = 0;
				GCC_PREPROCESSOR_DEFINITIONS = (
					"DEBUG=1",
					"$(inherited)",
				);
				GCC_WARN_64_TO_32_BIT_CONVERSION = YES;
				GCC_WARN_ABOUT_RETURN_TYPE = YES_ERROR;
				GCC_WARN_UNDECLARED_SELECTOR = YES;
				GCC_WARN_UNINITIALIZED_AUTOS = YES_AGGRESSIVE;
				GCC_WARN_UNUSED_FUNCTION = YES;
				GCC_WARN_UNUSED_VARIABLE = YES;
				IPHONEOS_DEPLOYMENT_TARGET = 10.1;
				MTL_ENABLE_DEBUG_INFO = YES;
				ONLY_ACTIVE_ARCH = YES;
				SDKROOT = iphoneos;
				SWIFT_ACTIVE_COMPILATION_CONDITIONS = DEBUG;
				SWIFT_OPTIMIZATION_LEVEL = "-Onone";
			};
			name = Debug;
		};
		3993C3ED1DD0A5280015ACB7 /* Release */ = {
			isa = XCBuildConfiguration;
			buildSettings = {
				ALWAYS_SEARCH_USER_PATHS = NO;
				CLANG_ANALYZER_NONNULL = YES;
				CLANG_CXX_LANGUAGE_STANDARD = "gnu++0x";
				CLANG_CXX_LIBRARY = "libc++";
				CLANG_ENABLE_MODULES = YES;
				CLANG_ENABLE_OBJC_ARC = YES;
				CLANG_WARN_BOOL_CONVERSION = YES;
				CLANG_WARN_CONSTANT_CONVERSION = YES;
				CLANG_WARN_DIRECT_OBJC_ISA_USAGE = YES_ERROR;
				CLANG_WARN_DOCUMENTATION_COMMENTS = YES;
				CLANG_WARN_EMPTY_BODY = YES;
				CLANG_WARN_ENUM_CONVERSION = YES;
				CLANG_WARN_INFINITE_RECURSION = YES;
				CLANG_WARN_INT_CONVERSION = YES;
				CLANG_WARN_OBJC_ROOT_CLASS = YES_ERROR;
				CLANG_WARN_SUSPICIOUS_MOVES = YES;
				CLANG_WARN_UNREACHABLE_CODE = YES;
				CLANG_WARN__DUPLICATE_METHOD_MATCH = YES;
				"CODE_SIGN_IDENTITY[sdk=iphoneos*]" = "iPhone Developer";
				COPY_PHASE_STRIP = NO;
				DEBUG_INFORMATION_FORMAT = "dwarf-with-dsym";
				ENABLE_NS_ASSERTIONS = NO;
				ENABLE_STRICT_OBJC_MSGSEND = YES;
				GCC_C_LANGUAGE_STANDARD = gnu99;
				GCC_NO_COMMON_BLOCKS = YES;
				GCC_WARN_64_TO_32_BIT_CONVERSION = YES;
				GCC_WARN_ABOUT_RETURN_TYPE = YES_ERROR;
				GCC_WARN_UNDECLARED_SELECTOR = YES;
				GCC_WARN_UNINITIALIZED_AUTOS = YES_AGGRESSIVE;
				GCC_WARN_UNUSED_FUNCTION = YES;
				GCC_WARN_UNUSED_VARIABLE = YES;
				IPHONEOS_DEPLOYMENT_TARGET = 10.1;
				MTL_ENABLE_DEBUG_INFO = NO;
				SDKROOT = iphoneos;
				SWIFT_OPTIMIZATION_LEVEL = "-Owholemodule";
				VALIDATE_PRODUCT = YES;
			};
			name = Release;
		};
		3993C3EF1DD0A5280015ACB7 /* Debug */ = {
			isa = XCBuildConfiguration;
			buildSettings = {
				ASSETCATALOG_COMPILER_APPICON_NAME = AppIcon;
				DEVELOPMENT_TEAM = 9UM8KQFS44;
				INFOPLIST_FILE = "10272380-pset2/Info.plist";
				LD_RUNPATH_SEARCH_PATHS = "$(inherited) @executable_path/Frameworks";
				PRODUCT_BUNDLE_IDENTIFIER = "nl.mprog.-0272380-pset2";
				PRODUCT_NAME = "$(TARGET_NAME)";
				SWIFT_VERSION = 3.0;
			};
			name = Debug;
		};
		3993C3F01DD0A5280015ACB7 /* Release */ = {
			isa = XCBuildConfiguration;
			buildSettings = {
				ASSETCATALOG_COMPILER_APPICON_NAME = AppIcon;
				DEVELOPMENT_TEAM = 9UM8KQFS44;
				INFOPLIST_FILE = "10272380-pset2/Info.plist";
				LD_RUNPATH_SEARCH_PATHS = "$(inherited) @executable_path/Frameworks";
				PRODUCT_BUNDLE_IDENTIFIER = "nl.mprog.-0272380-pset2";
				PRODUCT_NAME = "$(TARGET_NAME)";
				SWIFT_VERSION = 3.0;
			};
			name = Release;
		};
/* End XCBuildConfiguration section */

/* Begin XCConfigurationList section */
		3993C3D71DD0A5280015ACB7 /* Build configuration list for PBXProject "10272380-pset2" */ = {
			isa = XCConfigurationList;
			buildConfigurations = (
				3993C3EC1DD0A5280015ACB7 /* Debug */,
				3993C3ED1DD0A5280015ACB7 /* Release */,
			);
			defaultConfigurationIsVisible = 0;
			defaultConfigurationName = Release;
		};
		3993C3EE1DD0A5280015ACB7 /* Build configuration list for PBXNativeTarget "10272380-pset2" */ = {
			isa = XCConfigurationList;
			buildConfigurations = (
				3993C3EF1DD0A5280015ACB7 /* Debug */,
				3993C3F01DD0A5280015ACB7 /* Release */,
			);
			defaultConfigurationIsVisible = 0;
			defaultConfigurationName = Release;
		};
/* End XCConfigurationList section */
	};
	rootObject = 3993C3D41DD0A5280015ACB7 /* Project object */;
}
